
Microsoft Visual Studio Solution File, Format Version 12.00
# Visual Studio Version 16
VisualStudioVersion = 16.0.31702.278
MinimumVisualStudioVersion = 10.0.40219.1
Project("{9A19103F-16F7-4668-BE54-9A1E7A4F7556}") = "TTI.Api", "TTI.Api\TTI.Api.csproj", "{5024760D-2149-4EAA-BFC0-DE54A9A97BDF}"
EndProject
Project("{FAE04EC0-301F-11D3-BF4B-00C04F79EFBC}") = "TTI.Application", "TTI.Application\TTI.Application.csproj", "{5D95BA86-F2A2-4D9D-A5BD-FE5CB8031AFE}"
EndProject
Project("{FAE04EC0-301F-11D3-BF4B-00C04F79EFBC}") = "TTI.Domain", "TTI.Domain\TTI.Domain.csproj", "{1B098E11-F9A5-46AC-A6EA-AF1B2E6589D6}"
EndProject
Project("{FAE04EC0-301F-11D3-BF4B-00C04F79EFBC}") = "TTI.Infra.Data", "TTI.Infra.Data\TTI.Infra.Data.csproj", "{3A778DFC-1047-4659-81CA-FE533EA2F784}"
EndProject
Project("{FAE04EC0-301F-11D3-BF4B-00C04F79EFBC}") = "TTI.Infra.Ioc", "TTI.Infra.Ioc\TTI.Infra.Ioc.csproj", "{F130EAA6-32CB-4143-A593-D423C11CCF45}"
EndProject
Global
	GlobalSection(SolutionConfigurationPlatforms) = preSolution
		Debug|Any CPU = Debug|Any CPU
		Release|Any CPU = Release|Any CPU
	EndGlobalSection
	GlobalSection(ProjectConfigurationPlatforms) = postSolution
		{5024760D-2149-4EAA-BFC0-DE54A9A97BDF}.Debug|Any CPU.ActiveCfg = Debug|Any CPU
		{5024760D-2149-4EAA-BFC0-DE54A9A97BDF}.Debug|Any CPU.Build.0 = Debug|Any CPU
		{5024760D-2149-4EAA-BFC0-DE54A9A97BDF}.Release|Any CPU.ActiveCfg = Release|Any CPU
		{5024760D-2149-4EAA-BFC0-DE54A9A97BDF}.Release|Any CPU.Build.0 = Release|Any CPU
		{5D95BA86-F2A2-4D9D-A5BD-FE5CB8031AFE}.Debug|Any CPU.ActiveCfg = Debug|Any CPU
		{5D95BA86-F2A2-4D9D-A5BD-FE5CB8031AFE}.Debug|Any CPU.Build.0 = Debug|Any CPU
		{5D95BA86-F2A2-4D9D-A5BD-FE5CB8031AFE}.Release|Any CPU.ActiveCfg = Release|Any CPU
		{5D95BA86-F2A2-4D9D-A5BD-FE5CB8031AFE}.Release|Any CPU.Build.0 = Release|Any CPU
		{1B098E11-F9A5-46AC-A6EA-AF1B2E6589D6}.Debug|Any CPU.ActiveCfg = Debug|Any CPU
		{1B098E11-F9A5-46AC-A6EA-AF1B2E6589D6}.Debug|Any CPU.Build.0 = Debug|Any CPU
		{1B098E11-F9A5-46AC-A6EA-AF1B2E6589D6}.Release|Any CPU.ActiveCfg = Release|Any CPU
		{1B098E11-F9A5-46AC-A6EA-AF1B2E6589D6}.Release|Any CPU.Build.0 = Release|Any CPU
		{3A778DFC-1047-4659-81CA-FE533EA2F784}.Debug|Any CPU.ActiveCfg = Debug|Any CPU
		{3A778DFC-1047-4659-81CA-FE533EA2F784}.Debug|Any CPU.Build.0 = Debug|Any CPU
		{3A778DFC-1047-4659-81CA-FE533EA2F784}.Release|Any CPU.ActiveCfg = Release|Any CPU
		{3A778DFC-1047-4659-81CA-FE533EA2F784}.Release|Any CPU.Build.0 = Release|Any CPU
		{F130EAA6-32CB-4143-A593-D423C11CCF45}.Debug|Any CPU.ActiveCfg = Debug|Any CPU
		{F130EAA6-32CB-4143-A593-D423C11CCF45}.Debug|Any CPU.Build.0 = Debug|Any CPU
		{F130EAA6-32CB-4143-A593-D423C11CCF45}.Release|Any CPU.ActiveCfg = Release|Any CPU
		{F130EAA6-32CB-4143-A593-D423C11CCF45}.Release|Any CPU.Build.0 = Release|Any CPU
	EndGlobalSection
	GlobalSection(SolutionProperties) = preSolution
		HideSolutionNode = FALSE
	EndGlobalSection
	GlobalSection(ExtensibilityGlobals) = postSolution
		SolutionGuid = {D3049EC1-47C4-4065-AAF9-6A405038059D}
	EndGlobalSection
EndGlobal
